
Microsoft Visual Studio Solution File, Format Version 12.00
# Visual Studio Version 16
VisualStudioVersion = 16.0.29102.190
MinimumVisualStudioVersion = 10.0.40219.1
Project("{9A19103F-16F7-4668-BE54-9A1E7A4F7556}") = "RealEstate", "RealEstate.csproj", "{89D02041-1688-4AB3-A34E-B1A4BED90F65}"
EndProject
Global
	GlobalSection(SolutionConfigurationPlatforms) = preSolution
		Debug|Any CPU = Debug|Any CPU
		Release|Any CPU = Release|Any CPU
	EndGlobalSection
	GlobalSection(ProjectConfigurationPlatforms) = postSolution
		{89D02041-1688-4AB3-A34E-B1A4BED90F65}.Debug|Any CPU.ActiveCfg = Debug|Any CPU
		{89D02041-1688-4AB3-A34E-B1A4BED90F65}.Debug|Any CPU.Build.0 = Debug|Any CPU
		{89D02041-1688-4AB3-A34E-B1A4BED90F65}.Release|Any CPU.ActiveCfg = Release|Any CPU
		{89D02041-1688-4AB3-A34E-B1A4BED90F65}.Release|Any CPU.Build.0 = Release|Any CPU
	EndGlobalSection
	GlobalSection(SolutionProperties) = preSolution
		HideSolutionNode = FALSE
	EndGlobalSection
	GlobalSection(ExtensibilityGlobals) = postSolution
		SolutionGuid = {C6AFAB96-B84E-4112-8B90-3F3B7223DA97}
	EndGlobalSection
EndGlobal
